{
  "version": 4,
  "terraform_version": "1.3.0",
  "serial": 13,
  "lineage": "5b3b44bc-863c-963c-ebf9-649bce886365",
  "outputs": {},
  "resources": [
    {
      "mode": "managed",
      "type": "azurerm_network_interface",
      "name": "nic-vm",
      "provider": "provider[\"registry.terraform.io/hashicorp/azurerm\"]",
      "instances": [
        {
          "index_key": 0,
          "schema_version": 0,
          "attributes": {
            "applied_dns_servers": [],
            "dns_servers": [],
            "edge_zone": "",
            "enable_accelerated_networking": false,
            "enable_ip_forwarding": false,
            "id": "/subscriptions/64f65b6f-5ae0-4361-89a7-d4c0f1591e32/resourceGroups/rg-projeto1-001/providers/Microsoft.Network/networkInterfaces/nic-vm-001",
            "internal_dns_name_label": "",
            "internal_domain_name_suffix": "sro0lqgldtretmnicxmz54dvta.lx.internal.cloudapp.net",
            "ip_configuration": [
              {
                "gateway_load_balancer_frontend_ip_configuration_id": "",
                "name": "internal",
                "primary": true,
                "private_ip_address": "10.100.1.4",
                "private_ip_address_allocation": "Dynamic",
                "private_ip_address_version": "IPv4",
                "public_ip_address_id": "/subscriptions/64f65b6f-5ae0-4361-89a7-d4c0f1591e32/resourceGroups/rg-projeto1-001/providers/Microsoft.Network/publicIPAddresses/pip-vm-001",
                "subnet_id": "/subscriptions/64f65b6f-5ae0-4361-89a7-d4c0f1591e32/resourceGroups/rg-projeto1-001/providers/Microsoft.Network/virtualNetworks/vnet-projeto1-001/subnets/snet-projeto1-001"
              }
            ],
            "location": "japaneast",
            "mac_address": "",
            "name": "nic-vm-001",
            "private_ip_address": "10.100.1.4",
            "private_ip_addresses": [
              "10.100.1.4"
            ],
            "resource_group_name": "rg-projeto1-001",
            "tags": null,
            "timeouts": null,
            "virtual_machine_id": ""
          },
          "sensitive_attributes": [],
          "private": "eyJlMmJmYjczMC1lY2FhLTExZTYtOGY4OC0zNDM2M2JjN2M0YzAiOnsiY3JlYXRlIjoxODAwMDAwMDAwMDAwLCJkZWxldGUiOjE4MDAwMDAwMDAwMDAsInJlYWQiOjMwMDAwMDAwMDAwMCwidXBkYXRlIjoxODAwMDAwMDAwMDAwfX0=",
          "dependencies": [
            "azurerm_public_ip.pip-vm",
            "azurerm_resource_group.rg-01",
            "azurerm_subnet.snet-projeto1-001",
            "azurerm_virtual_network.vnet-projeto1-001"
          ]
        },
        {
          "index_key": 1,
          "schema_version": 0,
          "attributes": {
            "applied_dns_servers": [],
            "dns_servers": [],
            "edge_zone": "",
            "enable_accelerated_networking": false,
            "enable_ip_forwarding": false,
            "id": "/subscriptions/64f65b6f-5ae0-4361-89a7-d4c0f1591e32/resourceGroups/rg-projeto1-001/providers/Microsoft.Network/networkInterfaces/nic-vm-002",
            "internal_dns_name_label": "",
            "internal_domain_name_suffix": "sro0lqgldtretmnicxmz54dvta.lx.internal.cloudapp.net",
            "ip_configuration": [
              {
                "gateway_load_balancer_frontend_ip_configuration_id": "",
                "name": "internal",
                "primary": true,
                "private_ip_address": "10.100.1.5",
                "private_ip_address_allocation": "Dynamic",
                "private_ip_address_version": "IPv4",
                "public_ip_address_id": "/subscriptions/64f65b6f-5ae0-4361-89a7-d4c0f1591e32/resourceGroups/rg-projeto1-001/providers/Microsoft.Network/publicIPAddresses/pip-vm-002",
                "subnet_id": "/subscriptions/64f65b6f-5ae0-4361-89a7-d4c0f1591e32/resourceGroups/rg-projeto1-001/providers/Microsoft.Network/virtualNetworks/vnet-projeto1-001/subnets/snet-projeto1-001"
              }
            ],
            "location": "japaneast",
            "mac_address": "",
            "name": "nic-vm-002",
            "private_ip_address": "10.100.1.5",
            "private_ip_addresses": [
              "10.100.1.5"
            ],
            "resource_group_name": "rg-projeto1-001",
            "tags": null,
            "timeouts": null,
            "virtual_machine_id": ""
          },
          "sensitive_attributes": [],
          "private": "eyJlMmJmYjczMC1lY2FhLTExZTYtOGY4OC0zNDM2M2JjN2M0YzAiOnsiY3JlYXRlIjoxODAwMDAwMDAwMDAwLCJkZWxldGUiOjE4MDAwMDAwMDAwMDAsInJlYWQiOjMwMDAwMDAwMDAwMCwidXBkYXRlIjoxODAwMDAwMDAwMDAwfX0=",
          "dependencies": [
            "azurerm_public_ip.pip-vm",
            "azurerm_resource_group.rg-01",
            "azurerm_subnet.snet-projeto1-001",
            "azurerm_virtual_network.vnet-projeto1-001"
          ]
        }
      ]
    },
    {
      "mode": "managed",
      "type": "azurerm_network_security_group",
      "name": "nsg-projeto1-001",
      "provider": "provider[\"registry.terraform.io/hashicorp/azurerm\"]",
      "instances": [
        {
          "schema_version": 0,
          "attributes": {
            "id": "/subscriptions/64f65b6f-5ae0-4361-89a7-d4c0f1591e32/resourceGroups/rg-projeto1-001/providers/Microsoft.Network/networkSecurityGroups/nsg-projeto1-001",
            "location": "japaneast",
            "name": "nsg-projeto1-001",
            "resource_group_name": "rg-projeto1-001",
            "security_rule": [
              {
                "access": "Allow",
                "description": "",
                "destination_address_prefix": "*",
                "destination_address_prefixes": [],
                "destination_application_security_group_ids": [],
                "destination_port_range": "*",
                "destination_port_ranges": [],
                "direction": "Inbound",
                "name": "allow_rdp",
                "priority": 100,
                "protocol": "Tcp",
                "source_address_prefix": "*",
                "source_address_prefixes": [],
                "source_application_security_group_ids": [],
                "source_port_range": "*",
                "source_port_ranges": []
              }
            ],
            "tags": null,
            "timeouts": null
          },
          "sensitive_attributes": [],
          "private": "eyJlMmJmYjczMC1lY2FhLTExZTYtOGY4OC0zNDM2M2JjN2M0YzAiOnsiY3JlYXRlIjoxODAwMDAwMDAwMDAwLCJkZWxldGUiOjE4MDAwMDAwMDAwMDAsInJlYWQiOjMwMDAwMDAwMDAwMCwidXBkYXRlIjoxODAwMDAwMDAwMDAwfX0=",
          "dependencies": [
            "azurerm_resource_group.rg-01"
          ]
        }
      ]
    },
    {
      "mode": "managed",
      "type": "azurerm_public_ip",
      "name": "pip-vm",
      "provider": "provider[\"registry.terraform.io/hashicorp/azurerm\"]",
      "instances": [
        {
          "index_key": 0,
          "schema_version": 0,
          "attributes": {
            "allocation_method": "Static",
            "domain_name_label": null,
            "edge_zone": "",
            "fqdn": null,
            "id": "/subscriptions/64f65b6f-5ae0-4361-89a7-d4c0f1591e32/resourceGroups/rg-projeto1-001/providers/Microsoft.Network/publicIPAddresses/pip-vm-001",
            "idle_timeout_in_minutes": 4,
            "ip_address": "20.18.8.238",
            "ip_tags": null,
            "ip_version": "IPv4",
            "location": "japaneast",
            "name": "pip-vm-001",
            "public_ip_prefix_id": null,
            "resource_group_name": "rg-projeto1-001",
            "reverse_fqdn": null,
            "sku": "Basic",
            "sku_tier": "Regional",
            "tags": null,
            "timeouts": null,
            "zones": null
          },
          "sensitive_attributes": [],
          "private": "eyJlMmJmYjczMC1lY2FhLTExZTYtOGY4OC0zNDM2M2JjN2M0YzAiOnsiY3JlYXRlIjoxODAwMDAwMDAwMDAwLCJkZWxldGUiOjE4MDAwMDAwMDAwMDAsInJlYWQiOjMwMDAwMDAwMDAwMCwidXBkYXRlIjoxODAwMDAwMDAwMDAwfX0=",
          "dependencies": [
            "azurerm_resource_group.rg-01"
          ]
        },
        {
          "index_key": 1,
          "schema_version": 0,
          "attributes": {
            "allocation_method": "Static",
            "domain_name_label": null,
            "edge_zone": "",
            "fqdn": null,
            "id": "/subscriptions/64f65b6f-5ae0-4361-89a7-d4c0f1591e32/resourceGroups/rg-projeto1-001/providers/Microsoft.Network/publicIPAddresses/pip-vm-002",
            "idle_timeout_in_minutes": 4,
            "ip_address": "20.222.142.238",
            "ip_tags": null,
            "ip_version": "IPv4",
            "location": "japaneast",
            "name": "pip-vm-002",
            "public_ip_prefix_id": null,
            "resource_group_name": "rg-projeto1-001",
            "reverse_fqdn": null,
            "sku": "Basic",
            "sku_tier": "Regional",
            "tags": null,
            "timeouts": null,
            "zones": null
          },
          "sensitive_attributes": [],
          "private": "eyJlMmJmYjczMC1lY2FhLTExZTYtOGY4OC0zNDM2M2JjN2M0YzAiOnsiY3JlYXRlIjoxODAwMDAwMDAwMDAwLCJkZWxldGUiOjE4MDAwMDAwMDAwMDAsInJlYWQiOjMwMDAwMDAwMDAwMCwidXBkYXRlIjoxODAwMDAwMDAwMDAwfX0=",
          "dependencies": [
            "azurerm_resource_group.rg-01"
          ]
        }
      ]
    },
    {
      "mode": "managed",
      "type": "azurerm_resource_group",
      "name": "rg-01",
      "provider": "provider[\"registry.terraform.io/hashicorp/azurerm\"]",
      "instances": [
        {
          "schema_version": 0,
          "attributes": {
            "id": "/subscriptions/64f65b6f-5ae0-4361-89a7-d4c0f1591e32/resourceGroups/rg-projeto1-001",
            "location": "japaneast",
            "name": "rg-projeto1-001",
            "tags": null,
            "timeouts": null
          },
          "sensitive_attributes": [],
          "private": "eyJlMmJmYjczMC1lY2FhLTExZTYtOGY4OC0zNDM2M2JjN2M0YzAiOnsiY3JlYXRlIjo1NDAwMDAwMDAwMDAwLCJkZWxldGUiOjU0MDAwMDAwMDAwMDAsInJlYWQiOjMwMDAwMDAwMDAwMCwidXBkYXRlIjo1NDAwMDAwMDAwMDAwfX0="
        }
      ]
    },
    {
      "mode": "managed",
      "type": "azurerm_subnet",
      "name": "AzureBastionSubnet",
      "provider": "provider[\"registry.terraform.io/hashicorp/azurerm\"]",
      "instances": [
        {
          "schema_version": 0,
          "attributes": {
            "address_prefixes": [
              "10.100.250.0/24"
            ],
            "delegation": [],
            "enforce_private_link_endpoint_network_policies": false,
            "enforce_private_link_service_network_policies": false,
            "id": "/subscriptions/64f65b6f-5ae0-4361-89a7-d4c0f1591e32/resourceGroups/rg-projeto1-001/providers/Microsoft.Network/virtualNetworks/vnet-projeto1-001/subnets/AzureBastionSubnet",
            "name": "AzureBastionSubnet",
            "resource_group_name": "rg-projeto1-001",
            "service_endpoint_policy_ids": null,
            "service_endpoints": null,
            "timeouts": null,
            "virtual_network_name": "vnet-projeto1-001"
          },
          "sensitive_attributes": [],
          "private": "eyJlMmJmYjczMC1lY2FhLTExZTYtOGY4OC0zNDM2M2JjN2M0YzAiOnsiY3JlYXRlIjoxODAwMDAwMDAwMDAwLCJkZWxldGUiOjE4MDAwMDAwMDAwMDAsInJlYWQiOjMwMDAwMDAwMDAwMCwidXBkYXRlIjoxODAwMDAwMDAwMDAwfX0=",
          "dependencies": [
            "azurerm_resource_group.rg-01",
            "azurerm_virtual_network.vnet-projeto1-001"
          ]
        }
      ]
    },
    {
      "mode": "managed",
      "type": "azurerm_subnet",
      "name": "snet-projeto1-001",
      "provider": "provider[\"registry.terraform.io/hashicorp/azurerm\"]",
      "instances": [
        {
          "schema_version": 0,
          "attributes": {
            "address_prefixes": [
              "10.100.1.0/24"
            ],
            "delegation": [],
            "enforce_private_link_endpoint_network_policies": false,
            "enforce_private_link_service_network_policies": false,
            "id": "/subscriptions/64f65b6f-5ae0-4361-89a7-d4c0f1591e32/resourceGroups/rg-projeto1-001/providers/Microsoft.Network/virtualNetworks/vnet-projeto1-001/subnets/snet-projeto1-001",
            "name": "snet-projeto1-001",
            "resource_group_name": "rg-projeto1-001",
            "service_endpoint_policy_ids": null,
            "service_endpoints": null,
            "timeouts": null,
            "virtual_network_name": "vnet-projeto1-001"
          },
          "sensitive_attributes": [],
          "private": "eyJlMmJmYjczMC1lY2FhLTExZTYtOGY4OC0zNDM2M2JjN2M0YzAiOnsiY3JlYXRlIjoxODAwMDAwMDAwMDAwLCJkZWxldGUiOjE4MDAwMDAwMDAwMDAsInJlYWQiOjMwMDAwMDAwMDAwMCwidXBkYXRlIjoxODAwMDAwMDAwMDAwfX0=",
          "dependencies": [
            "azurerm_resource_group.rg-01",
            "azurerm_virtual_network.vnet-projeto1-001"
          ]
        }
      ]
    },
    {
      "mode": "managed",
      "type": "azurerm_subnet_network_security_group_association",
      "name": "snet-projeto1-001",
      "provider": "provider[\"registry.terraform.io/hashicorp/azurerm\"]",
      "instances": [
        {
          "schema_version": 0,
          "attributes": {
            "id": "/subscriptions/64f65b6f-5ae0-4361-89a7-d4c0f1591e32/resourceGroups/rg-projeto1-001/providers/Microsoft.Network/virtualNetworks/vnet-projeto1-001/subnets/snet-projeto1-001",
            "network_security_group_id": "/subscriptions/64f65b6f-5ae0-4361-89a7-d4c0f1591e32/resourceGroups/rg-projeto1-001/providers/Microsoft.Network/networkSecurityGroups/nsg-projeto1-001",
            "subnet_id": "/subscriptions/64f65b6f-5ae0-4361-89a7-d4c0f1591e32/resourceGroups/rg-projeto1-001/providers/Microsoft.Network/virtualNetworks/vnet-projeto1-001/subnets/snet-projeto1-001",
            "timeouts": null
          },
          "sensitive_attributes": [],
          "private": "eyJlMmJmYjczMC1lY2FhLTExZTYtOGY4OC0zNDM2M2JjN2M0YzAiOnsiY3JlYXRlIjoxODAwMDAwMDAwMDAwLCJkZWxldGUiOjE4MDAwMDAwMDAwMDAsInJlYWQiOjMwMDAwMDAwMDAwMCwidXBkYXRlIjoxODAwMDAwMDAwMDAwfX0=",
          "dependencies": [
            "azurerm_network_security_group.nsg-projeto1-001",
            "azurerm_resource_group.rg-01",
            "azurerm_subnet.snet-projeto1-001",
            "azurerm_virtual_network.vnet-projeto1-001"
          ]
        }
      ]
    },
    {
      "mode": "managed",
      "type": "azurerm_virtual_network",
      "name": "vnet-projeto1-001",
      "provider": "provider[\"registry.terraform.io/hashicorp/azurerm\"]",
      "instances": [
        {
          "schema_version": 0,
          "attributes": {
            "address_space": [
              "10.100.0.0/16"
            ],
            "bgp_community": "",
            "ddos_protection_plan": [],
            "dns_servers": [],
            "edge_zone": "",
            "flow_timeout_in_minutes": 0,
            "guid": "c0a55d94-1ccb-49e2-b1a8-15d99ff87598",
            "id": "/subscriptions/64f65b6f-5ae0-4361-89a7-d4c0f1591e32/resourceGroups/rg-projeto1-001/providers/Microsoft.Network/virtualNetworks/vnet-projeto1-001",
            "location": "japaneast",
            "name": "vnet-projeto1-001",
            "resource_group_name": "rg-projeto1-001",
            "subnet": [],
            "tags": null,
            "timeouts": null
          },
          "sensitive_attributes": [],
          "private": "eyJlMmJmYjczMC1lY2FhLTExZTYtOGY4OC0zNDM2M2JjN2M0YzAiOnsiY3JlYXRlIjoxODAwMDAwMDAwMDAwLCJkZWxldGUiOjE4MDAwMDAwMDAwMDAsInJlYWQiOjMwMDAwMDAwMDAwMCwidXBkYXRlIjoxODAwMDAwMDAwMDAwfX0=",
          "dependencies": [
            "azurerm_resource_group.rg-01"
          ]
        }
      ]
    },
    {
      "mode": "managed",
      "type": "azurerm_windows_virtual_machine",
      "name": "vm-win10",
      "provider": "provider[\"registry.terraform.io/hashicorp/azurerm\"]",
      "instances": [
        {
          "index_key": 0,
          "schema_version": 0,
          "attributes": {
            "additional_capabilities": [],
            "additional_unattend_content": [],
            "admin_password": "Conectenuvem@123",
            "admin_username": "azadmin ",
            "allow_extension_operations": true,
            "availability_set_id": "",
            "boot_diagnostics": [],
            "computer_name": "vm-win-001",
            "custom_data": null,
            "dedicated_host_group_id": "",
            "dedicated_host_id": "",
            "edge_zone": "",
            "enable_automatic_updates": true,
            "encryption_at_host_enabled": false,
            "eviction_policy": "",
            "extensions_time_budget": "PT1H30M",
            "hotpatching_enabled": false,
            "id": "/subscriptions/64f65b6f-5ae0-4361-89a7-d4c0f1591e32/resourceGroups/rg-projeto1-001/providers/Microsoft.Compute/virtualMachines/vm-win-001",
            "identity": [],
            "license_type": "",
            "location": "japaneast",
            "max_bid_price": -1,
            "name": "vm-win-001",
            "network_interface_ids": [
              "/subscriptions/64f65b6f-5ae0-4361-89a7-d4c0f1591e32/resourceGroups/rg-projeto1-001/providers/Microsoft.Network/networkInterfaces/nic-vm-002"
            ],
            "os_disk": [
              {
                "caching": "ReadWrite",
                "diff_disk_settings": [],
                "disk_encryption_set_id": "",
                "disk_size_gb": 127,
                "name": "vm-win-001_OsDisk_1_ba95aae48b5e43ceb13b9d1b52f753c8",
                "storage_account_type": "StandardSSD_LRS",
                "write_accelerator_enabled": false
              }
            ],
            "patch_mode": "AutomaticByOS",
            "plan": [],
            "platform_fault_domain": -1,
            "priority": "Regular",
            "private_ip_address": "10.100.1.5",
            "private_ip_addresses": [
              "10.100.1.5"
            ],
            "provision_vm_agent": true,
            "proximity_placement_group_id": "",
            "public_ip_address": "20.222.142.238",
            "public_ip_addresses": [
              "20.222.142.238"
            ],
            "resource_group_name": "rg-projeto1-001",
            "secret": [],
            "secure_boot_enabled": false,
            "size": "Standard_DS1_v2",
            "source_image_id": "",
            "source_image_reference": [
              {
                "offer": "Windows-10",
                "publisher": "MicrosoftWindowsDesktop",
                "sku": "win10-21h2-pro-g2",
                "version": "latest"
              }
            ],
            "tags": null,
            "termination_notification": null,
            "timeouts": null,
            "timezone": "",
            "user_data": "",
            "virtual_machine_id": "5b9e105a-4970-4129-99e8-37320be41239",
            "virtual_machine_scale_set_id": "",
            "vtpm_enabled": false,
            "winrm_listener": [],
            "zone": ""
          },
          "sensitive_attributes": [],
          "private": "eyJlMmJmYjczMC1lY2FhLTExZTYtOGY4OC0zNDM2M2JjN2M0YzAiOnsiY3JlYXRlIjoyNzAwMDAwMDAwMDAwLCJkZWxldGUiOjI3MDAwMDAwMDAwMDAsInJlYWQiOjMwMDAwMDAwMDAwMCwidXBkYXRlIjoyNzAwMDAwMDAwMDAwfX0=",
          "dependencies": [
            "azurerm_network_interface.nic-vm",
            "azurerm_public_ip.pip-vm",
            "azurerm_resource_group.rg-01",
            "azurerm_subnet.snet-projeto1-001",
            "azurerm_virtual_network.vnet-projeto1-001"
          ]
        },
        {
          "index_key": 1,
          "schema_version": 0,
          "attributes": {
            "additional_capabilities": [],
            "additional_unattend_content": [],
            "admin_password": "Conectenuvem@123",
            "admin_username": "azadmin ",
            "allow_extension_operations": true,
            "availability_set_id": "",
            "boot_diagnostics": [],
            "computer_name": "vm-win-002",
            "custom_data": null,
            "dedicated_host_group_id": "",
            "dedicated_host_id": "",
            "edge_zone": "",
            "enable_automatic_updates": true,
            "encryption_at_host_enabled": false,
            "eviction_policy": "",
            "extensions_time_budget": "PT1H30M",
            "hotpatching_enabled": false,
            "id": "/subscriptions/64f65b6f-5ae0-4361-89a7-d4c0f1591e32/resourceGroups/rg-projeto1-001/providers/Microsoft.Compute/virtualMachines/vm-win-002",
            "identity": [],
            "license_type": "",
            "location": "japaneast",
            "max_bid_price": -1,
            "name": "vm-win-002",
            "network_interface_ids": [
              "/subscriptions/64f65b6f-5ae0-4361-89a7-d4c0f1591e32/resourceGroups/rg-projeto1-001/providers/Microsoft.Network/networkInterfaces/nic-vm-001"
            ],
            "os_disk": [
              {
                "caching": "ReadWrite",
                "diff_disk_settings": [],
                "disk_encryption_set_id": "",
                "disk_size_gb": 127,
                "name": "vm-win-002_disk1_af90f352155c4b24af981210febb33d9",
                "storage_account_type": "StandardSSD_LRS",
                "write_accelerator_enabled": false
              }
            ],
            "patch_mode": "AutomaticByOS",
            "plan": [],
            "platform_fault_domain": -1,
            "priority": "Regular",
            "private_ip_address": "10.100.1.4",
            "private_ip_addresses": [
              "10.100.1.4"
            ],
            "provision_vm_agent": true,
            "proximity_placement_group_id": "",
            "public_ip_address": "20.18.8.238",
            "public_ip_addresses": [
              "20.18.8.238"
            ],
            "resource_group_name": "rg-projeto1-001",
            "secret": [],
            "secure_boot_enabled": false,
            "size": "Standard_DS1_v2",
            "source_image_id": "",
            "source_image_reference": [
              {
                "offer": "Windows-10",
                "publisher": "MicrosoftWindowsDesktop",
                "sku": "win10-21h2-pro-g2",
                "version": "latest"
              }
            ],
            "tags": null,
            "termination_notification": null,
            "timeouts": null,
            "timezone": "",
            "user_data": "",
            "virtual_machine_id": "c5dd6ad3-89ae-479d-b379-16291d4ffe89",
            "virtual_machine_scale_set_id": "",
            "vtpm_enabled": false,
            "winrm_listener": [],
            "zone": ""
          },
          "sensitive_attributes": [],
          "private": "eyJlMmJmYjczMC1lY2FhLTExZTYtOGY4OC0zNDM2M2JjN2M0YzAiOnsiY3JlYXRlIjoyNzAwMDAwMDAwMDAwLCJkZWxldGUiOjI3MDAwMDAwMDAwMDAsInJlYWQiOjMwMDAwMDAwMDAwMCwidXBkYXRlIjoyNzAwMDAwMDAwMDAwfX0=",
          "dependencies": [
            "azurerm_network_interface.nic-vm",
            "azurerm_public_ip.pip-vm",
            "azurerm_resource_group.rg-01",
            "azurerm_subnet.snet-projeto1-001",
            "azurerm_virtual_network.vnet-projeto1-001"
          ]
        }
      ]
    }
  ],
  "check_results": []
}
